{
  "name": "polin-guard",
  "version": "0.3.1",
  "lockfileVersion": 3,
  "requires": true,
  "packages": {
    "": {
      "name": "polin-guard",
      "version": "0.3.1",
      "license": "MIT",
      "bin": {
        "polin-guard": "bin/cli.js"
      },
      "engines": {
        "node": ">=14"
      }
    }
  }
}
