{
  "name": "app",
  "version": "1.0.0",
  "lockfileVersion": 3,
  "packages": {
    "": {
      "name": "app",
      "version": "1.0.0"
    },
    "node_modules/evil": {
      "version": "1.0.0",
      "resolved": "https://r.evil-registry.io/evil/-/evil-1.0.0.tgz",
      "hasInstallScript": true
    },
    "node_modules/sharp": {
      "version": "0.33.0",
      "resolved": "https://registry.npmjs.org/sharp/-/sharp-0.33.0.tgz",
      "hasInstallScript": true
    }
  }
}